{
  "version": 1,
  "dependencies": {
    "net10.0-windows7.0": {
      "FSharp.Core": {
        "type": "Direct",
        "requested": "[10.1.400, )",
        "resolved": "10.1.400",
        "contentHash": "H9wlZ/tWgNp+Q4WQ5aUSi3XOBXrL6z+UkR0PNeyDFyoZR3c3PbtA21B9FqlthrhEwQ6f5AtQV0JLhBBDqjjscw=="
      },
      "WpfScreenHelper": {
        "type": "Direct",
        "requested": "[2.1.1, )",
        "resolved": "2.1.1",
        "contentHash": "xNgiwHaLXOYE4jYYIQ7ddDtsN8diUnjl9t07INUA2pN6Bi/czRjbNwDYyljmixOnLjTv4NU8beDUe+wp1PMi4g=="
      }
    }
  }
}